
Microsoft Visual Studio Solution File, Format Version 11.00
# Visual Studio 2010
Project("{FAE04EC0-301F-11D3-BF4B-00C04F79EFBC}") = "Assembly-CSharp", "Assembly-CSharp.csproj", "{1CCFDE2A-02C5-D29F-EE25-BDBCE4FE5ABF}"
EndProject
Project("{FAE04EC0-301F-11D3-BF4B-00C04F79EFBC}") = "Assembly-CSharp-Editor", "Assembly-CSharp-Editor.csproj", "{47AE5FFF-D031-9F2F-7756-D6541BAC7456}"
EndProject
Global
	GlobalSection(SolutionConfigurationPlatforms) = preSolution
		Debug|Any CPU = Debug|Any CPU
		Release|Any CPU = Release|Any CPU
	EndGlobalSection
	GlobalSection(ProjectConfigurationPlatforms) = postSolution
		{1CCFDE2A-02C5-D29F-EE25-BDBCE4FE5ABF}.Debug|Any CPU.ActiveCfg = Debug|Any CPU
		{1CCFDE2A-02C5-D29F-EE25-BDBCE4FE5ABF}.Debug|Any CPU.Build.0 = Debug|Any CPU
		{1CCFDE2A-02C5-D29F-EE25-BDBCE4FE5ABF}.Release|Any CPU.ActiveCfg = Release|Any CPU
		{1CCFDE2A-02C5-D29F-EE25-BDBCE4FE5ABF}.Release|Any CPU.Build.0 = Release|Any CPU
		{47AE5FFF-D031-9F2F-7756-D6541BAC7456}.Debug|Any CPU.ActiveCfg = Debug|Any CPU
		{47AE5FFF-D031-9F2F-7756-D6541BAC7456}.Debug|Any CPU.Build.0 = Debug|Any CPU
		{47AE5FFF-D031-9F2F-7756-D6541BAC7456}.Release|Any CPU.ActiveCfg = Release|Any CPU
		{47AE5FFF-D031-9F2F-7756-D6541BAC7456}.Release|Any CPU.Build.0 = Release|Any CPU
	EndGlobalSection
	GlobalSection(SolutionProperties) = preSolution
		HideSolutionNode = FALSE
	EndGlobalSection
EndGlobal
