
Microsoft Visual Studio Solution File, Format Version 11.00
# Visual Studio 2010
Project("{FAE04EC0-301F-11D3-BF4B-00C04F79EFBC}") = "Assembly-CSharp", "Assembly-CSharp.csproj", "{AADDB711-B281-AFD6-1605-05F64E8BAB2A}"
EndProject
Project("{FAE04EC0-301F-11D3-BF4B-00C04F79EFBC}") = "Assembly-CSharp-Editor", "Assembly-CSharp-Editor.csproj", "{0FA4552A-B865-E606-A63C-32F217C61DBA}"
EndProject
Global
	GlobalSection(SolutionConfigurationPlatforms) = preSolution
		Debug|Any CPU = Debug|Any CPU
		Release|Any CPU = Release|Any CPU
	EndGlobalSection
	GlobalSection(ProjectConfigurationPlatforms) = postSolution
		{AADDB711-B281-AFD6-1605-05F64E8BAB2A}.Debug|Any CPU.ActiveCfg = Debug|Any CPU
		{AADDB711-B281-AFD6-1605-05F64E8BAB2A}.Debug|Any CPU.Build.0 = Debug|Any CPU
		{AADDB711-B281-AFD6-1605-05F64E8BAB2A}.Release|Any CPU.ActiveCfg = Release|Any CPU
		{AADDB711-B281-AFD6-1605-05F64E8BAB2A}.Release|Any CPU.Build.0 = Release|Any CPU
		{0FA4552A-B865-E606-A63C-32F217C61DBA}.Debug|Any CPU.ActiveCfg = Debug|Any CPU
		{0FA4552A-B865-E606-A63C-32F217C61DBA}.Debug|Any CPU.Build.0 = Debug|Any CPU
		{0FA4552A-B865-E606-A63C-32F217C61DBA}.Release|Any CPU.ActiveCfg = Release|Any CPU
		{0FA4552A-B865-E606-A63C-32F217C61DBA}.Release|Any CPU.Build.0 = Release|Any CPU
	EndGlobalSection
	GlobalSection(SolutionProperties) = preSolution
		HideSolutionNode = FALSE
	EndGlobalSection
EndGlobal
